PODS:
  - Alamofire (4.1.0)
  - MJRefresh (3.1.12)
  - SDCycleScrollView (1.65):
    - SDWebImage (~> 3.7)
  - SDWebImage (3.8.2):
    - SDWebImage/Core (= 3.8.2)
  - SDWebImage/Core (3.8.2)
  - SwiftyJSON (3.1.3)

DEPENDENCIES:
  - Alamofire (~> 4.1.0)
  - MJRefresh (~> 3.1.12)
  - SDCycleScrollView (~> 1.65)
  - SwiftyJSON (~> 3.1.3)

SPEC CHECKSUMS:
  Alamofire: e266cf991b933498df791e645e0d8ac294492153
  MJRefresh: b96cdb21c4aa75a7b07654311ab2f315c497e806
  SDCycleScrollView: f72904c77698a7f93a41bcbbc2d78b073bf7326c
  SDWebImage: 098e97e6176540799c27e804c96653ee0833d13c
  SwiftyJSON: 38a8ea2006779c0fc4c310cb2ee8195327740faf

PODFILE CHECKSUM: f4c18fd45b503175a77e3ab209662f8559658668

COCOAPODS: 1.1.1
